
Microsoft Visual Studio Solution File, Format Version 12.00
# Visual Studio Version 16
VisualStudioVersion = 16.0.30907.101
MinimumVisualStudioVersion = 10.0.40219.1
Project("{9A19103F-16F7-4668-BE54-9A1E7A4F7556}") = "GZipTest", "CompressionFile\GZipTest.csproj", "{A1EB5740-3D3D-44E8-9E78-64D9D171970C}"
EndProject
Global
	GlobalSection(SolutionConfigurationPlatforms) = preSolution
		Debug|Any CPU = Debug|Any CPU
		Release|Any CPU = Release|Any CPU
	EndGlobalSection
	GlobalSection(ProjectConfigurationPlatforms) = postSolution
		{A1EB5740-3D3D-44E8-9E78-64D9D171970C}.Debug|Any CPU.ActiveCfg = Debug|Any CPU
		{A1EB5740-3D3D-44E8-9E78-64D9D171970C}.Debug|Any CPU.Build.0 = Debug|Any CPU
		{A1EB5740-3D3D-44E8-9E78-64D9D171970C}.Release|Any CPU.ActiveCfg = Release|Any CPU
		{A1EB5740-3D3D-44E8-9E78-64D9D171970C}.Release|Any CPU.Build.0 = Release|Any CPU
	EndGlobalSection
	GlobalSection(SolutionProperties) = preSolution
		HideSolutionNode = FALSE
	EndGlobalSection
	GlobalSection(ExtensibilityGlobals) = postSolution
		SolutionGuid = {65FA3DE9-B308-449B-A4C9-C46A20F9CAB3}
	EndGlobalSection
EndGlobal
